{
    "name": "@bahatron/utils-examples",
    "version": "0.0.0",
    "lockfileVersion": 3,
    "requires": true,
    "packages": {
        "": {
            "name": "@bahatron/utils-examples",
            "version": "0.0.0",
            "dependencies": {
                "@bahatron/utils": "file:.."
            }
        },
        "..": {
            "name": "@bahatron/utils",
            "version": "4.2.3",
            "license": "Apache-2.0",
            "dependencies": {
                "@sinclair/typebox": "^0.34.48",
                "fast-safe-stringify": "^2.1.1",
                "jsonschema": "^1.5.0"
            },
            "devDependencies": {
                "@types/jest": "^27.5.2",
                "@types/node": "^20.19.30",
                "dts-bundle-generator": "^9.5.1",
                "jest": "^29.7.0",
                "ts-jest": "^29.4.6",
                "typescript": "^5.9.3"
            }
        },
        "node_modules/@bahatron/utils": {
            "resolved": "..",
            "link": true
        }
    }
}
