{
    "name": "@bahatron/utils-examples",
    "version": "0.0.0",
    "lockfileVersion": 3,
    "requires": true,
    "packages": {
        "": {
            "name": "@bahatron/utils-examples",
            "version": "0.0.0",
            "dependencies": {
                "@bahatron/utils": "file:.."
            }
        },
        "..": {
            "name": "@bahatron/utils",
            "version": "4.2.6",
            "license": "Apache-2.0",
            "dependencies": {
                "fast-safe-stringify": "=2.1.1",
                "jsonschema": "=1.5.0",
                "typebox": "=1.1.6"
            },
            "devDependencies": {
                "@types/node": "^25.3.5",
                "husky": "^9.1.7",
                "typescript": "^5.9.3",
                "vitest": "^3.2.4"
            }
        },
        "node_modules/@bahatron/utils": {
            "resolved": "..",
            "link": true
        }
    }
}
